// !$*UTF8*$!
{
	archiveVersion = 1;
	classes = {
	};
	objectVersion = 52;
	objects = {

/* Begin PBXBuildFile section */
		47D86AE12712E5D900DE748A /* Colors.swift in Sources */ = {isa = PBXBuildFile; fileRef = 47D86AE02712E5D900DE748A /* Colors.swift */; };
		47D86AE32712E5E300DE748A /* Constants.swift in Sources */ = {isa = PBXBuildFile; fileRef = 47D86AE22712E5E300DE748A /* Constants.swift */; };
		47D86AE62714082B00DE748A /* Lottie in Frameworks */ = {isa = PBXBuildFile; productRef = 47D86AE52714082B00DE748A /* Lottie */; };
		47D86AEB271408A400DE748A /* startScreen.json in Resources */ = {isa = PBXBuildFile; fileRef = 47D86AEA271408A400DE748A /* startScreen.json */; };
		47D86AED27140D9900DE748A /* AppStarterAnimationController.swift in Sources */ = {isa = PBXBuildFile; fileRef = 47D86AEC27140D9900DE748A /* AppStarterAnimationController.swift */; };
		47D86AF6271835FF00DE748A /* GameScreenModel.swift in Sources */ = {isa = PBXBuildFile; fileRef = 47D86AF5271835FF00DE748A /* GameScreenModel.swift */; };
		47D86AF827184F0D00DE748A /* Notifications.swift in Sources */ = {isa = PBXBuildFile; fileRef = 47D86AF727184F0D00DE748A /* Notifications.swift */; };
		47D86AFB27214C1500DE748A /* GameOverViewController.swift in Sources */ = {isa = PBXBuildFile; fileRef = 47D86AF927214C1500DE748A /* GameOverViewController.swift */; };
		47D86AFC27214C1500DE748A /* GameOverViewController.xib in Resources */ = {isa = PBXBuildFile; fileRef = 47D86AFA27214C1500DE748A /* GameOverViewController.xib */; };
		47D86AFE272150BD00DE748A /* colors.xcassets in Resources */ = {isa = PBXBuildFile; fileRef = 47D86AFD272150BD00DE748A /* colors.xcassets */; };
		4C03200B2459728C0009FC50 /* AppDelegate.swift in Sources */ = {isa = PBXBuildFile; fileRef = 4C03200A2459728C0009FC50 /* AppDelegate.swift */; };
		4C03200D2459728C0009FC50 /* SceneDelegate.swift in Sources */ = {isa = PBXBuildFile; fileRef = 4C03200C2459728C0009FC50 /* SceneDelegate.swift */; };
		4C03200F2459728C0009FC50 /* GameScreenViewController.swift in Sources */ = {isa = PBXBuildFile; fileRef = 4C03200E2459728C0009FC50 /* GameScreenViewController.swift */; };
		4C0320122459728C0009FC50 /* Main.storyboard in Resources */ = {isa = PBXBuildFile; fileRef = 4C0320102459728C0009FC50 /* Main.storyboard */; };
		4C032014245972950009FC50 /* Assets.xcassets in Resources */ = {isa = PBXBuildFile; fileRef = 4C032013245972950009FC50 /* Assets.xcassets */; };
		4C032017245972950009FC50 /* LaunchScreen.storyboard in Resources */ = {isa = PBXBuildFile; fileRef = 4C032015245972950009FC50 /* LaunchScreen.storyboard */; };
		4C0320202459736E0009FC50 /* Card.swift in Sources */ = {isa = PBXBuildFile; fileRef = 4C03201F2459736E0009FC50 /* Card.swift */; };
		4C032022245973B70009FC50 /* CardsGame.swift in Sources */ = {isa = PBXBuildFile; fileRef = 4C032021245973B70009FC50 /* CardsGame.swift */; };
		4C0320242459A8FB0009FC50 /* CardView.swift in Sources */ = {isa = PBXBuildFile; fileRef = 4C0320232459A8FB0009FC50 /* CardView.swift */; };
		4C0320262459AD590009FC50 /* CardsGameView.swift in Sources */ = {isa = PBXBuildFile; fileRef = 4C0320252459AD590009FC50 /* CardsGameView.swift */; };
		4C0320282459B2650009FC50 /* Grid.swift in Sources */ = {isa = PBXBuildFile; fileRef = 4C0320272459B2650009FC50 /* Grid.swift */; };
		4C3257AB24670EF4003C910C /* PausePopUpViewController.swift in Sources */ = {isa = PBXBuildFile; fileRef = 4C3257AA24670EF4003C910C /* PausePopUpViewController.swift */; };
		4C3257AD24670F59003C910C /* CardPopupViewController.swift in Sources */ = {isa = PBXBuildFile; fileRef = 4C3257AC24670F59003C910C /* CardPopupViewController.swift */; };
		4C3257AF2467183F003C910C /* VCLLoggingViewController.swift in Sources */ = {isa = PBXBuildFile; fileRef = 4C3257AE2467183E003C910C /* VCLLoggingViewController.swift */; };
		4C3257B5246883EA003C910C /* GameOverCardBehavior.swift in Sources */ = {isa = PBXBuildFile; fileRef = 4C3257B4246883EA003C910C /* GameOverCardBehavior.swift */; };
		4C72F481248E9B6D0087312E /* TutorialController.swift in Sources */ = {isa = PBXBuildFile; fileRef = 4C72F480248E9B6D0087312E /* TutorialController.swift */; };
		4C72F483248E9BA40087312E /* PageCell.swift in Sources */ = {isa = PBXBuildFile; fileRef = 4C72F482248E9BA40087312E /* PageCell.swift */; };
		4C72F485248E9BCC0087312E /* Page.swift in Sources */ = {isa = PBXBuildFile; fileRef = 4C72F484248E9BCC0087312E /* Page.swift */; };
/* End PBXBuildFile section */

/* Begin PBXFileReference section */
		47D86AE02712E5D900DE748A /* Colors.swift */ = {isa = PBXFileReference; lastKnownFileType = sourcecode.swift; path = Colors.swift; sourceTree = "<group>"; };
		47D86AE22712E5E300DE748A /* Constants.swift */ = {isa = PBXFileReference; lastKnownFileType = sourcecode.swift; path = Constants.swift; sourceTree = "<group>"; };
		47D86AEA271408A400DE748A /* startScreen.json */ = {isa = PBXFileReference; fileEncoding = 4; lastKnownFileType = text.json; path = startScreen.json; sourceTree = "<group>"; };
		47D86AEC27140D9900DE748A /* AppStarterAnimationController.swift */ = {isa = PBXFileReference; lastKnownFileType = sourcecode.swift; path = AppStarterAnimationController.swift; sourceTree = "<group>"; };
		47D86AF5271835FF00DE748A /* GameScreenModel.swift */ = {isa = PBXFileReference; lastKnownFileType = sourcecode.swift; path = GameScreenModel.swift; sourceTree = "<group>"; };
		47D86AF727184F0D00DE748A /* Notifications.swift */ = {isa = PBXFileReference; lastKnownFileType = sourcecode.swift; path = Notifications.swift; sourceTree = "<group>"; };
		47D86AF927214C1500DE748A /* GameOverViewController.swift */ = {isa = PBXFileReference; lastKnownFileType = sourcecode.swift; path = GameOverViewController.swift; sourceTree = "<group>"; };
		47D86AFA27214C1500DE748A /* GameOverViewController.xib */ = {isa = PBXFileReference; lastKnownFileType = file.xib; path = GameOverViewController.xib; sourceTree = "<group>"; };
		47D86AFD272150BD00DE748A /* colors.xcassets */ = {isa = PBXFileReference; lastKnownFileType = folder.assetcatalog; path = colors.xcassets; sourceTree = "<group>"; };
		4C0320072459728C0009FC50 /* Mind Sets.app */ = {isa = PBXFileReference; explicitFileType = wrapper.application; includeInIndex = 0; path = "Mind Sets.app"; sourceTree = BUILT_PRODUCTS_DIR; };
		4C03200A2459728C0009FC50 /* AppDelegate.swift */ = {isa = PBXFileReference; lastKnownFileType = sourcecode.swift; path = AppDelegate.swift; sourceTree = "<group>"; };
		4C03200C2459728C0009FC50 /* SceneDelegate.swift */ = {isa = PBXFileReference; lastKnownFileType = sourcecode.swift; path = SceneDelegate.swift; sourceTree = "<group>"; };
		4C03200E2459728C0009FC50 /* GameScreenViewController.swift */ = {isa = PBXFileReference; lastKnownFileType = sourcecode.swift; path = GameScreenViewController.swift; sourceTree = "<group>"; };
		4C0320112459728C0009FC50 /* Base */ = {isa = PBXFileReference; lastKnownFileType = file.storyboard; name = Base; path = Base.lproj/Main.storyboard; sourceTree = "<group>"; };
		4C032013245972950009FC50 /* Assets.xcassets */ = {isa = PBXFileReference; lastKnownFileType = folder.assetcatalog; path = Assets.xcassets; sourceTree = "<group>"; };
		4C032016245972950009FC50 /* Base */ = {isa = PBXFileReference; lastKnownFileType = file.storyboard; name = Base; path = Base.lproj/LaunchScreen.storyboard; sourceTree = "<group>"; };
		4C032018245972950009FC50 /* Info.plist */ = {isa = PBXFileReference; lastKnownFileType = text.plist.xml; path = Info.plist; sourceTree = "<group>"; };
		4C03201F2459736E0009FC50 /* Card.swift */ = {isa = PBXFileReference; lastKnownFileType = sourcecode.swift; path = Card.swift; sourceTree = "<group>"; };
		4C032021245973B70009FC50 /* CardsGame.swift */ = {isa = PBXFileReference; lastKnownFileType = sourcecode.swift; path = CardsGame.swift; sourceTree = "<group>"; };
		4C0320232459A8FB0009FC50 /* CardView.swift */ = {isa = PBXFileReference; lastKnownFileType = sourcecode.swift; path = CardView.swift; sourceTree = "<group>"; };
		4C0320252459AD590009FC50 /* CardsGameView.swift */ = {isa = PBXFileReference; lastKnownFileType = sourcecode.swift; path = CardsGameView.swift; sourceTree = "<group>"; };
		4C0320272459B2650009FC50 /* Grid.swift */ = {isa = PBXFileReference; lastKnownFileType = sourcecode.swift; path = Grid.swift; sourceTree = "<group>"; };
		4C3257AA24670EF4003C910C /* PausePopUpViewController.swift */ = {isa = PBXFileReference; lastKnownFileType = sourcecode.swift; path = PausePopUpViewController.swift; sourceTree = "<group>"; };
		4C3257AC24670F59003C910C /* CardPopupViewController.swift */ = {isa = PBXFileReference; lastKnownFileType = sourcecode.swift; path = CardPopupViewController.swift; sourceTree = "<group>"; };
		4C3257AE2467183E003C910C /* VCLLoggingViewController.swift */ = {isa = PBXFileReference; lastKnownFileType = sourcecode.swift; path = VCLLoggingViewController.swift; sourceTree = "<group>"; };
		4C3257B4246883EA003C910C /* GameOverCardBehavior.swift */ = {isa = PBXFileReference; lastKnownFileType = sourcecode.swift; path = GameOverCardBehavior.swift; sourceTree = "<group>"; };
		4C72F480248E9B6D0087312E /* TutorialController.swift */ = {isa = PBXFileReference; lastKnownFileType = sourcecode.swift; path = TutorialController.swift; sourceTree = "<group>"; };
		4C72F482248E9BA40087312E /* PageCell.swift */ = {isa = PBXFileReference; lastKnownFileType = sourcecode.swift; path = PageCell.swift; sourceTree = "<group>"; };
		4C72F484248E9BCC0087312E /* Page.swift */ = {isa = PBXFileReference; lastKnownFileType = sourcecode.swift; path = Page.swift; sourceTree = "<group>"; };
/* End PBXFileReference section */

/* Begin PBXFrameworksBuildPhase section */
		4C0320042459728C0009FC50 /* Frameworks */ = {
			isa = PBXFrameworksBuildPhase;
			buildActionMask = 2147483647;
			files = (
				47D86AE62714082B00DE748A /* Lottie in Frameworks */,
			);
			runOnlyForDeploymentPostprocessing = 0;
		};
/* End PBXFrameworksBuildPhase section */

/* Begin PBXGroup section */
		47D86ADF2712E5B100DE748A /* Extensions */ = {
			isa = PBXGroup;
			children = (
				47D86AE02712E5D900DE748A /* Colors.swift */,
				47D86AE22712E5E300DE748A /* Constants.swift */,
				4C0320272459B2650009FC50 /* Grid.swift */,
				4C3257AE2467183E003C910C /* VCLLoggingViewController.swift */,
				4C3257B4246883EA003C910C /* GameOverCardBehavior.swift */,
				47D86AF727184F0D00DE748A /* Notifications.swift */,
			);
			path = Extensions;
			sourceTree = "<group>";
		};
		47D86AE72714085A00DE748A /* Lottie */ = {
			isa = PBXGroup;
			children = (
				47D86AEA271408A400DE748A /* startScreen.json */,
			);
			path = Lottie;
			sourceTree = "<group>";
		};
		47D86AF0271572EF00DE748A /* Models */ = {
			isa = PBXGroup;
			children = (
				47D86AF3271573C900DE748A /* Game Model */,
				4C72F488248EA0350087312E /* Tutorial Screen Model */,
			);
			path = Models;
			sourceTree = "<group>";
		};
		47D86AF1271572FA00DE748A /* Controllers */ = {
			isa = PBXGroup;
			children = (
				47D86AEC27140D9900DE748A /* AppStarterAnimationController.swift */,
				4C72F480248E9B6D0087312E /* TutorialController.swift */,
				4C03200E2459728C0009FC50 /* GameScreenViewController.swift */,
				47D86AF927214C1500DE748A /* GameOverViewController.swift */,
			);
			path = Controllers;
			sourceTree = "<group>";
		};
		47D86AF22715730200DE748A /* Views */ = {
			isa = PBXGroup;
			children = (
				47D86AFA27214C1500DE748A /* GameOverViewController.xib */,
				47D86AF4271573E300DE748A /* Game View */,
			);
			path = Views;
			sourceTree = "<group>";
		};
		47D86AF3271573C900DE748A /* Game Model */ = {
			isa = PBXGroup;
			children = (
				4C03201F2459736E0009FC50 /* Card.swift */,
				4C032021245973B70009FC50 /* CardsGame.swift */,
				47D86AF5271835FF00DE748A /* GameScreenModel.swift */,
			);
			path = "Game Model";
			sourceTree = "<group>";
		};
		47D86AF4271573E300DE748A /* Game View */ = {
			isa = PBXGroup;
			children = (
				4C0320232459A8FB0009FC50 /* CardView.swift */,
				4C0320252459AD590009FC50 /* CardsGameView.swift */,
			);
			path = "Game View";
			sourceTree = "<group>";
		};
		4C031FFE2459728C0009FC50 = {
			isa = PBXGroup;
			children = (
				4C0320092459728C0009FC50 /* Mind Sets */,
				4C0320082459728C0009FC50 /* Products */,
			);
			sourceTree = "<group>";
		};
		4C0320082459728C0009FC50 /* Products */ = {
			isa = PBXGroup;
			children = (
				4C0320072459728C0009FC50 /* Mind Sets.app */,
			);
			name = Products;
			sourceTree = "<group>";
		};
		4C0320092459728C0009FC50 /* Mind Sets */ = {
			isa = PBXGroup;
			children = (
				47D86AF22715730200DE748A /* Views */,
				47D86AF1271572FA00DE748A /* Controllers */,
				47D86AF0271572EF00DE748A /* Models */,
				47D86AE72714085A00DE748A /* Lottie */,
				47D86ADF2712E5B100DE748A /* Extensions */,
				4C72F476248E8B580087312E /* Pop-Up-MVC */,
				4C0320102459728C0009FC50 /* Main.storyboard */,
				4C032018245972950009FC50 /* Info.plist */,
				4C032013245972950009FC50 /* Assets.xcassets */,
				47D86AFD272150BD00DE748A /* colors.xcassets */,
				4C03201E245973460009FC50 /* Supporting Files */,
			);
			path = "Mind Sets";
			sourceTree = "<group>";
		};
		4C03201E245973460009FC50 /* Supporting Files */ = {
			isa = PBXGroup;
			children = (
				4C032015245972950009FC50 /* LaunchScreen.storyboard */,
				4C03200A2459728C0009FC50 /* AppDelegate.swift */,
				4C03200C2459728C0009FC50 /* SceneDelegate.swift */,
			);
			path = "Supporting Files";
			sourceTree = "<group>";
		};
		4C72F476248E8B580087312E /* Pop-Up-MVC */ = {
			isa = PBXGroup;
			children = (
				4C3257AA24670EF4003C910C /* PausePopUpViewController.swift */,
				4C3257AC24670F59003C910C /* CardPopupViewController.swift */,
			);
			path = "Pop-Up-MVC";
			sourceTree = "<group>";
		};
		4C72F488248EA0350087312E /* Tutorial Screen Model */ = {
			isa = PBXGroup;
			children = (
				4C72F482248E9BA40087312E /* PageCell.swift */,
				4C72F484248E9BCC0087312E /* Page.swift */,
			);
			path = "Tutorial Screen Model";
			sourceTree = "<group>";
		};
/* End PBXGroup section */

/* Begin PBXNativeTarget section */
		4C0320062459728C0009FC50 /* Mind Sets */ = {
			isa = PBXNativeTarget;
			buildConfigurationList = 4C03201B245972950009FC50 /* Build configuration list for PBXNativeTarget "Mind Sets" */;
			buildPhases = (
				4C0320032459728C0009FC50 /* Sources */,
				4C0320042459728C0009FC50 /* Frameworks */,
				4C0320052459728C0009FC50 /* Resources */,
			);
			buildRules = (
			);
			dependencies = (
			);
			name = "Mind Sets";
			packageProductDependencies = (
				47D86AE52714082B00DE748A /* Lottie */,
			);
			productName = "Mind Sets";
			productReference = 4C0320072459728C0009FC50 /* Mind Sets.app */;
			productType = "com.apple.product-type.application";
		};
/* End PBXNativeTarget section */

/* Begin PBXProject section */
		4C031FFF2459728C0009FC50 /* Project object */ = {
			isa = PBXProject;
			attributes = {
				LastSwiftUpdateCheck = 1140;
				LastUpgradeCheck = 1140;
				ORGANIZATIONNAME = "Maria Yelfimova";
				TargetAttributes = {
					4C0320062459728C0009FC50 = {
						CreatedOnToolsVersion = 11.4.1;
					};
				};
			};
			buildConfigurationList = 4C0320022459728C0009FC50 /* Build configuration list for PBXProject "Mind Sets" */;
			compatibilityVersion = "Xcode 9.3";
			developmentRegion = en;
			hasScannedForEncodings = 0;
			knownRegions = (
				en,
				Base,
			);
			mainGroup = 4C031FFE2459728C0009FC50;
			packageReferences = (
				47D86AE42714082B00DE748A /* XCRemoteSwiftPackageReference "lottie-ios" */,
			);
			productRefGroup = 4C0320082459728C0009FC50 /* Products */;
			projectDirPath = "";
			projectRoot = "";
			targets = (
				4C0320062459728C0009FC50 /* Mind Sets */,
			);
		};
/* End PBXProject section */

/* Begin PBXResourcesBuildPhase section */
		4C0320052459728C0009FC50 /* Resources */ = {
			isa = PBXResourcesBuildPhase;
			buildActionMask = 2147483647;
			files = (
				47D86AFC27214C1500DE748A /* GameOverViewController.xib in Resources */,
				4C032017245972950009FC50 /* LaunchScreen.storyboard in Resources */,
				47D86AEB271408A400DE748A /* startScreen.json in Resources */,
				47D86AFE272150BD00DE748A /* colors.xcassets in Resources */,
				4C032014245972950009FC50 /* Assets.xcassets in Resources */,
				4C0320122459728C0009FC50 /* Main.storyboard in Resources */,
			);
			runOnlyForDeploymentPostprocessing = 0;
		};
/* End PBXResourcesBuildPhase section */

/* Begin PBXSourcesBuildPhase section */
		4C0320032459728C0009FC50 /* Sources */ = {
			isa = PBXSourcesBuildPhase;
			buildActionMask = 2147483647;
			files = (
				4C032022245973B70009FC50 /* CardsGame.swift in Sources */,
				47D86AE12712E5D900DE748A /* Colors.swift in Sources */,
				4C3257B5246883EA003C910C /* GameOverCardBehavior.swift in Sources */,
				4C0320262459AD590009FC50 /* CardsGameView.swift in Sources */,
				4C03200F2459728C0009FC50 /* GameScreenViewController.swift in Sources */,
				4C72F483248E9BA40087312E /* PageCell.swift in Sources */,
				4C72F481248E9B6D0087312E /* TutorialController.swift in Sources */,
				4C3257AF2467183F003C910C /* VCLLoggingViewController.swift in Sources */,
				4C0320282459B2650009FC50 /* Grid.swift in Sources */,
				4C03200B2459728C0009FC50 /* AppDelegate.swift in Sources */,
				4C3257AD24670F59003C910C /* CardPopupViewController.swift in Sources */,
				47D86AE32712E5E300DE748A /* Constants.swift in Sources */,
				4C3257AB24670EF4003C910C /* PausePopUpViewController.swift in Sources */,
				4C72F485248E9BCC0087312E /* Page.swift in Sources */,
				47D86AF827184F0D00DE748A /* Notifications.swift in Sources */,
				4C03200D2459728C0009FC50 /* SceneDelegate.swift in Sources */,
				4C0320242459A8FB0009FC50 /* CardView.swift in Sources */,
				47D86AFB27214C1500DE748A /* GameOverViewController.swift in Sources */,
				4C0320202459736E0009FC50 /* Card.swift in Sources */,
				47D86AED27140D9900DE748A /* AppStarterAnimationController.swift in Sources */,
				47D86AF6271835FF00DE748A /* GameScreenModel.swift in Sources */,
			);
			runOnlyForDeploymentPostprocessing = 0;
		};
/* End PBXSourcesBuildPhase section */

/* Begin PBXVariantGroup section */
		4C0320102459728C0009FC50 /* Main.storyboard */ = {
			isa = PBXVariantGroup;
			children = (
				4C0320112459728C0009FC50 /* Base */,
			);
			name = Main.storyboard;
			sourceTree = "<group>";
		};
		4C032015245972950009FC50 /* LaunchScreen.storyboard */ = {
			isa = PBXVariantGroup;
			children = (
				4C032016245972950009FC50 /* Base */,
			);
			name = LaunchScreen.storyboard;
			sourceTree = "<group>";
		};
/* End PBXVariantGroup section */

/* Begin XCBuildConfiguration section */
		4C032019245972950009FC50 /* Debug */ = {
			isa = XCBuildConfiguration;
			buildSettings = {
				ALWAYS_SEARCH_USER_PATHS = NO;
				CLANG_ANALYZER_NONNULL = YES;
				CLANG_ANALYZER_NUMBER_OBJECT_CONVERSION = YES_AGGRESSIVE;
				CLANG_CXX_LANGUAGE_STANDARD = "gnu++14";
				CLANG_CXX_LIBRARY = "libc++";
				CLANG_ENABLE_MODULES = YES;
				CLANG_ENABLE_OBJC_ARC = YES;
				CLANG_ENABLE_OBJC_WEAK = YES;
				CLANG_WARN_BLOCK_CAPTURE_AUTORELEASING = YES;
				CLANG_WARN_BOOL_CONVERSION = YES;
				CLANG_WARN_COMMA = YES;
				CLANG_WARN_CONSTANT_CONVERSION = YES;
				CLANG_WARN_DEPRECATED_OBJC_IMPLEMENTATIONS = YES;
				CLANG_WARN_DIRECT_OBJC_ISA_USAGE = YES_ERROR;
				CLANG_WARN_DOCUMENTATION_COMMENTS = YES;
				CLANG_WARN_EMPTY_BODY = YES;
				CLANG_WARN_ENUM_CONVERSION = YES;
				CLANG_WARN_INFINITE_RECURSION = YES;
				CLANG_WARN_INT_CONVERSION = YES;
				CLANG_WARN_NON_LITERAL_NULL_CONVERSION = YES;
				CLANG_WARN_OBJC_IMPLICIT_RETAIN_SELF = YES;
				CLANG_WARN_OBJC_LITERAL_CONVERSION = YES;
				CLANG_WARN_OBJC_ROOT_CLASS = YES_ERROR;
				CLANG_WARN_RANGE_LOOP_ANALYSIS = YES;
				CLANG_WARN_STRICT_PROTOTYPES = YES;
				CLANG_WARN_SUSPICIOUS_MOVE = YES;
				CLANG_WARN_UNGUARDED_AVAILABILITY = YES_AGGRESSIVE;
				CLANG_WARN_UNREACHABLE_CODE = YES;
				CLANG_WARN__DUPLICATE_METHOD_MATCH = YES;
				COPY_PHASE_STRIP = NO;
				DEBUG_INFORMATION_FORMAT = dwarf;
				ENABLE_STRICT_OBJC_MSGSEND = YES;
				ENABLE_TESTABILITY = YES;
				GCC_C_LANGUAGE_STANDARD = gnu11;
				GCC_DYNAMIC_NO_PIC = NO;
				GCC_NO_COMMON_BLOCKS = YES;
				GCC_OPTIMIZATION_LEVEL = 0;
				GCC_PREPROCESSOR_DEFINITIONS = (
					"DEBUG=1",
					"$(inherited)",
				);
				GCC_WARN_64_TO_32_BIT_CONVERSION = YES;
				GCC_WARN_ABOUT_RETURN_TYPE = YES_ERROR;
				GCC_WARN_UNDECLARED_SELECTOR = YES;
				GCC_WARN_UNINITIALIZED_AUTOS = YES_AGGRESSIVE;
				GCC_WARN_UNUSED_FUNCTION = YES;
				GCC_WARN_UNUSED_VARIABLE = YES;
				IPHONEOS_DEPLOYMENT_TARGET = 13.0;
				MTL_ENABLE_DEBUG_INFO = INCLUDE_SOURCE;
				MTL_FAST_MATH = YES;
				ONLY_ACTIVE_ARCH = YES;
				SDKROOT = iphoneos;
				SWIFT_ACTIVE_COMPILATION_CONDITIONS = DEBUG;
				SWIFT_OPTIMIZATION_LEVEL = "-Onone";
			};
			name = Debug;
		};
		4C03201A245972950009FC50 /* Release */ = {
			isa = XCBuildConfiguration;
			buildSettings = {
				ALWAYS_SEARCH_USER_PATHS = NO;
				CLANG_ANALYZER_NONNULL = YES;
				CLANG_ANALYZER_NUMBER_OBJECT_CONVERSION = YES_AGGRESSIVE;
				CLANG_CXX_LANGUAGE_STANDARD = "gnu++14";
				CLANG_CXX_LIBRARY = "libc++";
				CLANG_ENABLE_MODULES = YES;
				CLANG_ENABLE_OBJC_ARC = YES;
				CLANG_ENABLE_OBJC_WEAK = YES;
				CLANG_WARN_BLOCK_CAPTURE_AUTORELEASING = YES;
				CLANG_WARN_BOOL_CONVERSION = YES;
				CLANG_WARN_COMMA = YES;
				CLANG_WARN_CONSTANT_CONVERSION = YES;
				CLANG_WARN_DEPRECATED_OBJC_IMPLEMENTATIONS = YES;
				CLANG_WARN_DIRECT_OBJC_ISA_USAGE = YES_ERROR;
				CLANG_WARN_DOCUMENTATION_COMMENTS = YES;
				CLANG_WARN_EMPTY_BODY = YES;
				CLANG_WARN_ENUM_CONVERSION = YES;
				CLANG_WARN_INFINITE_RECURSION = YES;
				CLANG_WARN_INT_CONVERSION = YES;
				CLANG_WARN_NON_LITERAL_NULL_CONVERSION = YES;
				CLANG_WARN_OBJC_IMPLICIT_RETAIN_SELF = YES;
				CLANG_WARN_OBJC_LITERAL_CONVERSION = YES;
				CLANG_WARN_OBJC_ROOT_CLASS = YES_ERROR;
				CLANG_WARN_RANGE_LOOP_ANALYSIS = YES;
				CLANG_WARN_STRICT_PROTOTYPES = YES;
				CLANG_WARN_SUSPICIOUS_MOVE = YES;
				CLANG_WARN_UNGUARDED_AVAILABILITY = YES_AGGRESSIVE;
				CLANG_WARN_UNREACHABLE_CODE = YES;
				CLANG_WARN__DUPLICATE_METHOD_MATCH = YES;
				COPY_PHASE_STRIP = NO;
				DEBUG_INFORMATION_FORMAT = "dwarf-with-dsym";
				ENABLE_NS_ASSERTIONS = NO;
				ENABLE_STRICT_OBJC_MSGSEND = YES;
				GCC_C_LANGUAGE_STANDARD = gnu11;
				GCC_NO_COMMON_BLOCKS = YES;
				GCC_WARN_64_TO_32_BIT_CONVERSION = YES;
				GCC_WARN_ABOUT_RETURN_TYPE = YES_ERROR;
				GCC_WARN_UNDECLARED_SELECTOR = YES;
				GCC_WARN_UNINITIALIZED_AUTOS = YES_AGGRESSIVE;
				GCC_WARN_UNUSED_FUNCTION = YES;
				GCC_WARN_UNUSED_VARIABLE = YES;
				IPHONEOS_DEPLOYMENT_TARGET = 13.0;
				MTL_ENABLE_DEBUG_INFO = NO;
				MTL_FAST_MATH = YES;
				SDKROOT = iphoneos;
				SWIFT_COMPILATION_MODE = wholemodule;
				SWIFT_OPTIMIZATION_LEVEL = "-O";
				VALIDATE_PRODUCT = YES;
			};
			name = Release;
		};
		4C03201C245972950009FC50 /* Debug */ = {
			isa = XCBuildConfiguration;
			buildSettings = {
				ASSETCATALOG_COMPILER_APPICON_NAME = AppIcon;
				CODE_SIGN_STYLE = Automatic;
				DEVELOPMENT_TEAM = 8674268245;
				INFOPLIST_FILE = "Mind Sets/Info.plist";
				LD_RUNPATH_SEARCH_PATHS = (
					"$(inherited)",
					"@executable_path/Frameworks",
				);
				PRODUCT_BUNDLE_IDENTIFIER = "MariaYelfimova.Mind-Sets";
				PRODUCT_NAME = "$(TARGET_NAME)";
				SWIFT_VERSION = 5.0;
				TARGETED_DEVICE_FAMILY = "1,2";
			};
			name = Debug;
		};
		4C03201D245972950009FC50 /* Release */ = {
			isa = XCBuildConfiguration;
			buildSettings = {
				ASSETCATALOG_COMPILER_APPICON_NAME = AppIcon;
				CODE_SIGN_STYLE = Automatic;
				DEVELOPMENT_TEAM = 8674268245;
				INFOPLIST_FILE = "Mind Sets/Info.plist";
				LD_RUNPATH_SEARCH_PATHS = (
					"$(inherited)",
					"@executable_path/Frameworks",
				);
				PRODUCT_BUNDLE_IDENTIFIER = "MariaYelfimova.Mind-Sets";
				PRODUCT_NAME = "$(TARGET_NAME)";
				SWIFT_VERSION = 5.0;
				TARGETED_DEVICE_FAMILY = "1,2";
			};
			name = Release;
		};
/* End XCBuildConfiguration section */

/* Begin XCConfigurationList section */
		4C0320022459728C0009FC50 /* Build configuration list for PBXProject "Mind Sets" */ = {
			isa = XCConfigurationList;
			buildConfigurations = (
				4C032019245972950009FC50 /* Debug */,
				4C03201A245972950009FC50 /* Release */,
			);
			defaultConfigurationIsVisible = 0;
			defaultConfigurationName = Release;
		};
		4C03201B245972950009FC50 /* Build configuration list for PBXNativeTarget "Mind Sets" */ = {
			isa = XCConfigurationList;
			buildConfigurations = (
				4C03201C245972950009FC50 /* Debug */,
				4C03201D245972950009FC50 /* Release */,
			);
			defaultConfigurationIsVisible = 0;
			defaultConfigurationName = Release;
		};
/* End XCConfigurationList section */

/* Begin XCRemoteSwiftPackageReference section */
		47D86AE42714082B00DE748A /* XCRemoteSwiftPackageReference "lottie-ios" */ = {
			isa = XCRemoteSwiftPackageReference;
			repositoryURL = "https://github.com/airbnb/lottie-ios";
			requirement = {
				kind = upToNextMajorVersion;
				minimumVersion = 3.2.3;
			};
		};
/* End XCRemoteSwiftPackageReference section */

/* Begin XCSwiftPackageProductDependency section */
		47D86AE52714082B00DE748A /* Lottie */ = {
			isa = XCSwiftPackageProductDependency;
			package = 47D86AE42714082B00DE748A /* XCRemoteSwiftPackageReference "lottie-ios" */;
			productName = Lottie;
		};
/* End XCSwiftPackageProductDependency section */
	};
	rootObject = 4C031FFF2459728C0009FC50 /* Project object */;
}
