// !$*UTF8*$!
{
	archiveVersion = 1;
	classes = {
	};
	objectVersion = 50;
	objects = {

/* Begin PBXBuildFile section */
		47D86AE12712E5D900DE748A /* Colors.swift in Sources */ = {isa = PBXBuildFile; fileRef = 47D86AE02712E5D900DE748A /* Colors.swift */; };
		47D86AE32712E5E300DE748A /* Constats.swift in Sources */ = {isa = PBXBuildFile; fileRef = 47D86AE22712E5E300DE748A /* Constats.swift */; };
		4C03200B2459728C0009FC50 /* AppDelegate.swift in Sources */ = {isa = PBXBuildFile; fileRef = 4C03200A2459728C0009FC50 /* AppDelegate.swift */; };
		4C03200D2459728C0009FC50 /* SceneDelegate.swift in Sources */ = {isa = PBXBuildFile; fileRef = 4C03200C2459728C0009FC50 /* SceneDelegate.swift */; };
		4C03200F2459728C0009FC50 /* GameScreenViewController.swift in Sources */ = {isa = PBXBuildFile; fileRef = 4C03200E2459728C0009FC50 /* GameScreenViewController.swift */; };
		4C0320122459728C0009FC50 /* Main.storyboard in Resources */ = {isa = PBXBuildFile; fileRef = 4C0320102459728C0009FC50 /* Main.storyboard */; };
		4C032014245972950009FC50 /* Assets.xcassets in Resources */ = {isa = PBXBuildFile; fileRef = 4C032013245972950009FC50 /* Assets.xcassets */; };
		4C032017245972950009FC50 /* LaunchScreen.storyboard in Resources */ = {isa = PBXBuildFile; fileRef = 4C032015245972950009FC50 /* LaunchScreen.storyboard */; };
		4C0320202459736E0009FC50 /* Card.swift in Sources */ = {isa = PBXBuildFile; fileRef = 4C03201F2459736E0009FC50 /* Card.swift */; };
		4C032022245973B70009FC50 /* CardsGame.swift in Sources */ = {isa = PBXBuildFile; fileRef = 4C032021245973B70009FC50 /* CardsGame.swift */; };
		4C0320242459A8FB0009FC50 /* CardView.swift in Sources */ = {isa = PBXBuildFile; fileRef = 4C0320232459A8FB0009FC50 /* CardView.swift */; };
		4C0320262459AD590009FC50 /* CardsGameView.swift in Sources */ = {isa = PBXBuildFile; fileRef = 4C0320252459AD590009FC50 /* CardsGameView.swift */; };
		4C0320282459B2650009FC50 /* Grid.swift in Sources */ = {isa = PBXBuildFile; fileRef = 4C0320272459B2650009FC50 /* Grid.swift */; };
		4C3257AB24670EF4003C910C /* PausePopUpViewController.swift in Sources */ = {isa = PBXBuildFile; fileRef = 4C3257AA24670EF4003C910C /* PausePopUpViewController.swift */; };
		4C3257AD24670F59003C910C /* CardPopupViewController.swift in Sources */ = {isa = PBXBuildFile; fileRef = 4C3257AC24670F59003C910C /* CardPopupViewController.swift */; };
		4C3257AF2467183F003C910C /* VCLLoggingViewController.swift in Sources */ = {isa = PBXBuildFile; fileRef = 4C3257AE2467183E003C910C /* VCLLoggingViewController.swift */; };
		4C3257B324686A8F003C910C /* GameOverPopupViewController.swift in Sources */ = {isa = PBXBuildFile; fileRef = 4C3257B224686A8F003C910C /* GameOverPopupViewController.swift */; };
		4C3257B5246883EA003C910C /* CardBehavior.swift in Sources */ = {isa = PBXBuildFile; fileRef = 4C3257B4246883EA003C910C /* CardBehavior.swift */; };
		4C72F47C248E8FA00087312E /* GifAnimationController.swift in Sources */ = {isa = PBXBuildFile; fileRef = 4C72F47B248E8FA00087312E /* GifAnimationController.swift */; };
		4C72F47E248E924B0087312E /* gifImageExtension.swift in Sources */ = {isa = PBXBuildFile; fileRef = 4C72F47D248E924B0087312E /* gifImageExtension.swift */; };
		4C72F481248E9B6D0087312E /* SwipingController.swift in Sources */ = {isa = PBXBuildFile; fileRef = 4C72F480248E9B6D0087312E /* SwipingController.swift */; };
		4C72F483248E9BA40087312E /* PageCell.swift in Sources */ = {isa = PBXBuildFile; fileRef = 4C72F482248E9BA40087312E /* PageCell.swift */; };
		4C72F485248E9BCC0087312E /* Page.swift in Sources */ = {isa = PBXBuildFile; fileRef = 4C72F484248E9BCC0087312E /* Page.swift */; };
		4CEE79B6248FFB3B0031F920 /* 06animation.gif in Resources */ = {isa = PBXBuildFile; fileRef = 4CEE79B5248FFB3B0031F920 /* 06animation.gif */; };
/* End PBXBuildFile section */

/* Begin PBXFileReference section */
		47D86AE02712E5D900DE748A /* Colors.swift */ = {isa = PBXFileReference; lastKnownFileType = sourcecode.swift; path = Colors.swift; sourceTree = "<group>"; };
		47D86AE22712E5E300DE748A /* Constats.swift */ = {isa = PBXFileReference; lastKnownFileType = sourcecode.swift; path = Constats.swift; sourceTree = "<group>"; };
		4C0320072459728C0009FC50 /* Mind Sets.app */ = {isa = PBXFileReference; explicitFileType = wrapper.application; includeInIndex = 0; path = "Mind Sets.app"; sourceTree = BUILT_PRODUCTS_DIR; };
		4C03200A2459728C0009FC50 /* AppDelegate.swift */ = {isa = PBXFileReference; lastKnownFileType = sourcecode.swift; path = AppDelegate.swift; sourceTree = "<group>"; };
		4C03200C2459728C0009FC50 /* SceneDelegate.swift */ = {isa = PBXFileReference; lastKnownFileType = sourcecode.swift; path = SceneDelegate.swift; sourceTree = "<group>"; };
		4C03200E2459728C0009FC50 /* GameScreenViewController.swift */ = {isa = PBXFileReference; lastKnownFileType = sourcecode.swift; path = GameScreenViewController.swift; sourceTree = "<group>"; };
		4C0320112459728C0009FC50 /* Base */ = {isa = PBXFileReference; lastKnownFileType = file.storyboard; name = Base; path = Base.lproj/Main.storyboard; sourceTree = "<group>"; };
		4C032013245972950009FC50 /* Assets.xcassets */ = {isa = PBXFileReference; lastKnownFileType = folder.assetcatalog; path = Assets.xcassets; sourceTree = "<group>"; };
		4C032016245972950009FC50 /* Base */ = {isa = PBXFileReference; lastKnownFileType = file.storyboard; name = Base; path = Base.lproj/LaunchScreen.storyboard; sourceTree = "<group>"; };
		4C032018245972950009FC50 /* Info.plist */ = {isa = PBXFileReference; lastKnownFileType = text.plist.xml; path = Info.plist; sourceTree = "<group>"; };
		4C03201F2459736E0009FC50 /* Card.swift */ = {isa = PBXFileReference; lastKnownFileType = sourcecode.swift; path = Card.swift; sourceTree = "<group>"; };
		4C032021245973B70009FC50 /* CardsGame.swift */ = {isa = PBXFileReference; lastKnownFileType = sourcecode.swift; path = CardsGame.swift; sourceTree = "<group>"; };
		4C0320232459A8FB0009FC50 /* CardView.swift */ = {isa = PBXFileReference; lastKnownFileType = sourcecode.swift; path = CardView.swift; sourceTree = "<group>"; };
		4C0320252459AD590009FC50 /* CardsGameView.swift */ = {isa = PBXFileReference; lastKnownFileType = sourcecode.swift; path = CardsGameView.swift; sourceTree = "<group>"; };
		4C0320272459B2650009FC50 /* Grid.swift */ = {isa = PBXFileReference; lastKnownFileType = sourcecode.swift; path = Grid.swift; sourceTree = "<group>"; };
		4C3257AA24670EF4003C910C /* PausePopUpViewController.swift */ = {isa = PBXFileReference; lastKnownFileType = sourcecode.swift; path = PausePopUpViewController.swift; sourceTree = "<group>"; };
		4C3257AC24670F59003C910C /* CardPopupViewController.swift */ = {isa = PBXFileReference; lastKnownFileType = sourcecode.swift; path = CardPopupViewController.swift; sourceTree = "<group>"; };
		4C3257AE2467183E003C910C /* VCLLoggingViewController.swift */ = {isa = PBXFileReference; lastKnownFileType = sourcecode.swift; path = VCLLoggingViewController.swift; sourceTree = "<group>"; };
		4C3257B224686A8F003C910C /* GameOverPopupViewController.swift */ = {isa = PBXFileReference; lastKnownFileType = sourcecode.swift; path = GameOverPopupViewController.swift; sourceTree = "<group>"; };
		4C3257B4246883EA003C910C /* CardBehavior.swift */ = {isa = PBXFileReference; lastKnownFileType = sourcecode.swift; path = CardBehavior.swift; sourceTree = "<group>"; };
		4C72F47B248E8FA00087312E /* GifAnimationController.swift */ = {isa = PBXFileReference; lastKnownFileType = sourcecode.swift; path = GifAnimationController.swift; sourceTree = "<group>"; };
		4C72F47D248E924B0087312E /* gifImageExtension.swift */ = {isa = PBXFileReference; lastKnownFileType = sourcecode.swift; path = gifImageExtension.swift; sourceTree = "<group>"; };
		4C72F480248E9B6D0087312E /* SwipingController.swift */ = {isa = PBXFileReference; lastKnownFileType = sourcecode.swift; path = SwipingController.swift; sourceTree = "<group>"; };
		4C72F482248E9BA40087312E /* PageCell.swift */ = {isa = PBXFileReference; lastKnownFileType = sourcecode.swift; path = PageCell.swift; sourceTree = "<group>"; };
		4C72F484248E9BCC0087312E /* Page.swift */ = {isa = PBXFileReference; lastKnownFileType = sourcecode.swift; path = Page.swift; sourceTree = "<group>"; };
		4CEE79B5248FFB3B0031F920 /* 06animation.gif */ = {isa = PBXFileReference; lastKnownFileType = image.gif; path = 06animation.gif; sourceTree = "<group>"; };
/* End PBXFileReference section */

/* Begin PBXFrameworksBuildPhase section */
		4C0320042459728C0009FC50 /* Frameworks */ = {
			isa = PBXFrameworksBuildPhase;
			buildActionMask = 2147483647;
			files = (
			);
			runOnlyForDeploymentPostprocessing = 0;
		};
/* End PBXFrameworksBuildPhase section */

/* Begin PBXGroup section */
		47D86ADF2712E5B100DE748A /* Extensions */ = {
			isa = PBXGroup;
			children = (
				47D86AE02712E5D900DE748A /* Colors.swift */,
				47D86AE22712E5E300DE748A /* Constats.swift */,
			);
			path = Extensions;
			sourceTree = "<group>";
		};
		4C031FFE2459728C0009FC50 = {
			isa = PBXGroup;
			children = (
				4C0320092459728C0009FC50 /* Mind Sets */,
				4C0320082459728C0009FC50 /* Products */,
			);
			sourceTree = "<group>";
		};
		4C0320082459728C0009FC50 /* Products */ = {
			isa = PBXGroup;
			children = (
				4C0320072459728C0009FC50 /* Mind Sets.app */,
			);
			name = Products;
			sourceTree = "<group>";
		};
		4C0320092459728C0009FC50 /* Mind Sets */ = {
			isa = PBXGroup;
			children = (
				47D86ADF2712E5B100DE748A /* Extensions */,
				4C72F488248EA0350087312E /* How-To-Play-MVC */,
				4C72F47F248E988E0087312E /* Intro-Gif-MVC */,
				4C72F475248E8A940087312E /* Game-MVC */,
				4C72F476248E8B580087312E /* Pop-Up-MVC */,
				4C0320102459728C0009FC50 /* Main.storyboard */,
				4C032018245972950009FC50 /* Info.plist */,
				4CEE79B5248FFB3B0031F920 /* 06animation.gif */,
				4C032013245972950009FC50 /* Assets.xcassets */,
				4C03201E245973460009FC50 /* Supporting Files */,
			);
			path = "Mind Sets";
			sourceTree = "<group>";
		};
		4C03201E245973460009FC50 /* Supporting Files */ = {
			isa = PBXGroup;
			children = (
				4C032015245972950009FC50 /* LaunchScreen.storyboard */,
				4C03200A2459728C0009FC50 /* AppDelegate.swift */,
				4C03200C2459728C0009FC50 /* SceneDelegate.swift */,
			);
			path = "Supporting Files";
			sourceTree = "<group>";
		};
		4C72F475248E8A940087312E /* Game-MVC */ = {
			isa = PBXGroup;
			children = (
				4C3257B4246883EA003C910C /* CardBehavior.swift */,
				4C03201F2459736E0009FC50 /* Card.swift */,
				4C0320232459A8FB0009FC50 /* CardView.swift */,
				4C032021245973B70009FC50 /* CardsGame.swift */,
				4C03200E2459728C0009FC50 /* GameScreenViewController.swift */,
				4C0320252459AD590009FC50 /* CardsGameView.swift */,
				4C0320272459B2650009FC50 /* Grid.swift */,
			);
			path = "Game-MVC";
			sourceTree = "<group>";
		};
		4C72F476248E8B580087312E /* Pop-Up-MVC */ = {
			isa = PBXGroup;
			children = (
				4C3257AA24670EF4003C910C /* PausePopUpViewController.swift */,
				4C3257B224686A8F003C910C /* GameOverPopupViewController.swift */,
				4C3257AC24670F59003C910C /* CardPopupViewController.swift */,
				4C3257AE2467183E003C910C /* VCLLoggingViewController.swift */,
			);
			path = "Pop-Up-MVC";
			sourceTree = "<group>";
		};
		4C72F47F248E988E0087312E /* Intro-Gif-MVC */ = {
			isa = PBXGroup;
			children = (
				4C72F47D248E924B0087312E /* gifImageExtension.swift */,
				4C72F47B248E8FA00087312E /* GifAnimationController.swift */,
			);
			path = "Intro-Gif-MVC";
			sourceTree = "<group>";
		};
		4C72F488248EA0350087312E /* How-To-Play-MVC */ = {
			isa = PBXGroup;
			children = (
				4C72F480248E9B6D0087312E /* SwipingController.swift */,
				4C72F482248E9BA40087312E /* PageCell.swift */,
				4C72F484248E9BCC0087312E /* Page.swift */,
			);
			path = "How-To-Play-MVC";
			sourceTree = "<group>";
		};
/* End PBXGroup section */

/* Begin PBXNativeTarget section */
		4C0320062459728C0009FC50 /* Mind Sets */ = {
			isa = PBXNativeTarget;
			buildConfigurationList = 4C03201B245972950009FC50 /* Build configuration list for PBXNativeTarget "Mind Sets" */;
			buildPhases = (
				4C0320032459728C0009FC50 /* Sources */,
				4C0320042459728C0009FC50 /* Frameworks */,
				4C0320052459728C0009FC50 /* Resources */,
			);
			buildRules = (
			);
			dependencies = (
			);
			name = "Mind Sets";
			productName = "Mind Sets";
			productReference = 4C0320072459728C0009FC50 /* Mind Sets.app */;
			productType = "com.apple.product-type.application";
		};
/* End PBXNativeTarget section */

/* Begin PBXProject section */
		4C031FFF2459728C0009FC50 /* Project object */ = {
			isa = PBXProject;
			attributes = {
				LastSwiftUpdateCheck = 1140;
				LastUpgradeCheck = 1140;
				ORGANIZATIONNAME = "Maria Yelfimova";
				TargetAttributes = {
					4C0320062459728C0009FC50 = {
						CreatedOnToolsVersion = 11.4.1;
					};
				};
			};
			buildConfigurationList = 4C0320022459728C0009FC50 /* Build configuration list for PBXProject "Mind Sets" */;
			compatibilityVersion = "Xcode 9.3";
			developmentRegion = en;
			hasScannedForEncodings = 0;
			knownRegions = (
				en,
				Base,
			);
			mainGroup = 4C031FFE2459728C0009FC50;
			productRefGroup = 4C0320082459728C0009FC50 /* Products */;
			projectDirPath = "";
			projectRoot = "";
			targets = (
				4C0320062459728C0009FC50 /* Mind Sets */,
			);
		};
/* End PBXProject section */

/* Begin PBXResourcesBuildPhase section */
		4C0320052459728C0009FC50 /* Resources */ = {
			isa = PBXResourcesBuildPhase;
			buildActionMask = 2147483647;
			files = (
				4C032017245972950009FC50 /* LaunchScreen.storyboard in Resources */,
				4CEE79B6248FFB3B0031F920 /* 06animation.gif in Resources */,
				4C032014245972950009FC50 /* Assets.xcassets in Resources */,
				4C0320122459728C0009FC50 /* Main.storyboard in Resources */,
			);
			runOnlyForDeploymentPostprocessing = 0;
		};
/* End PBXResourcesBuildPhase section */

/* Begin PBXSourcesBuildPhase section */
		4C0320032459728C0009FC50 /* Sources */ = {
			isa = PBXSourcesBuildPhase;
			buildActionMask = 2147483647;
			files = (
				4C032022245973B70009FC50 /* CardsGame.swift in Sources */,
				47D86AE12712E5D900DE748A /* Colors.swift in Sources */,
				4C3257B5246883EA003C910C /* CardBehavior.swift in Sources */,
				4C0320262459AD590009FC50 /* CardsGameView.swift in Sources */,
				4C03200F2459728C0009FC50 /* GameScreenViewController.swift in Sources */,
				4C72F47E248E924B0087312E /* gifImageExtension.swift in Sources */,
				4C3257B324686A8F003C910C /* GameOverPopupViewController.swift in Sources */,
				4C72F483248E9BA40087312E /* PageCell.swift in Sources */,
				4C72F47C248E8FA00087312E /* GifAnimationController.swift in Sources */,
				4C72F481248E9B6D0087312E /* SwipingController.swift in Sources */,
				4C3257AF2467183F003C910C /* VCLLoggingViewController.swift in Sources */,
				4C0320282459B2650009FC50 /* Grid.swift in Sources */,
				4C03200B2459728C0009FC50 /* AppDelegate.swift in Sources */,
				4C3257AD24670F59003C910C /* CardPopupViewController.swift in Sources */,
				47D86AE32712E5E300DE748A /* Constats.swift in Sources */,
				4C3257AB24670EF4003C910C /* PausePopUpViewController.swift in Sources */,
				4C72F485248E9BCC0087312E /* Page.swift in Sources */,
				4C03200D2459728C0009FC50 /* SceneDelegate.swift in Sources */,
				4C0320242459A8FB0009FC50 /* CardView.swift in Sources */,
				4C0320202459736E0009FC50 /* Card.swift in Sources */,
			);
			runOnlyForDeploymentPostprocessing = 0;
		};
/* End PBXSourcesBuildPhase section */

/* Begin PBXVariantGroup section */
		4C0320102459728C0009FC50 /* Main.storyboard */ = {
			isa = PBXVariantGroup;
			children = (
				4C0320112459728C0009FC50 /* Base */,
			);
			name = Main.storyboard;
			sourceTree = "<group>";
		};
		4C032015245972950009FC50 /* LaunchScreen.storyboard */ = {
			isa = PBXVariantGroup;
			children = (
				4C032016245972950009FC50 /* Base */,
			);
			name = LaunchScreen.storyboard;
			sourceTree = "<group>";
		};
/* End PBXVariantGroup section */

/* Begin XCBuildConfiguration section */
		4C032019245972950009FC50 /* Debug */ = {
			isa = XCBuildConfiguration;
			buildSettings = {
				ALWAYS_SEARCH_USER_PATHS = NO;
				CLANG_ANALYZER_NONNULL = YES;
				CLANG_ANALYZER_NUMBER_OBJECT_CONVERSION = YES_AGGRESSIVE;
				CLANG_CXX_LANGUAGE_STANDARD = "gnu++14";
				CLANG_CXX_LIBRARY = "libc++";
				CLANG_ENABLE_MODULES = YES;
				CLANG_ENABLE_OBJC_ARC = YES;
				CLANG_ENABLE_OBJC_WEAK = YES;
				CLANG_WARN_BLOCK_CAPTURE_AUTORELEASING = YES;
				CLANG_WARN_BOOL_CONVERSION = YES;
				CLANG_WARN_COMMA = YES;
				CLANG_WARN_CONSTANT_CONVERSION = YES;
				CLANG_WARN_DEPRECATED_OBJC_IMPLEMENTATIONS = YES;
				CLANG_WARN_DIRECT_OBJC_ISA_USAGE = YES_ERROR;
				CLANG_WARN_DOCUMENTATION_COMMENTS = YES;
				CLANG_WARN_EMPTY_BODY = YES;
				CLANG_WARN_ENUM_CONVERSION = YES;
				CLANG_WARN_INFINITE_RECURSION = YES;
				CLANG_WARN_INT_CONVERSION = YES;
				CLANG_WARN_NON_LITERAL_NULL_CONVERSION = YES;
				CLANG_WARN_OBJC_IMPLICIT_RETAIN_SELF = YES;
				CLANG_WARN_OBJC_LITERAL_CONVERSION = YES;
				CLANG_WARN_OBJC_ROOT_CLASS = YES_ERROR;
				CLANG_WARN_RANGE_LOOP_ANALYSIS = YES;
				CLANG_WARN_STRICT_PROTOTYPES = YES;
				CLANG_WARN_SUSPICIOUS_MOVE = YES;
				CLANG_WARN_UNGUARDED_AVAILABILITY = YES_AGGRESSIVE;
				CLANG_WARN_UNREACHABLE_CODE = YES;
				CLANG_WARN__DUPLICATE_METHOD_MATCH = YES;
				COPY_PHASE_STRIP = NO;
				DEBUG_INFORMATION_FORMAT = dwarf;
				ENABLE_STRICT_OBJC_MSGSEND = YES;
				ENABLE_TESTABILITY = YES;
				GCC_C_LANGUAGE_STANDARD = gnu11;
				GCC_DYNAMIC_NO_PIC = NO;
				GCC_NO_COMMON_BLOCKS = YES;
				GCC_OPTIMIZATION_LEVEL = 0;
				GCC_PREPROCESSOR_DEFINITIONS = (
					"DEBUG=1",
					"$(inherited)",
				);
				GCC_WARN_64_TO_32_BIT_CONVERSION = YES;
				GCC_WARN_ABOUT_RETURN_TYPE = YES_ERROR;
				GCC_WARN_UNDECLARED_SELECTOR = YES;
				GCC_WARN_UNINITIALIZED_AUTOS = YES_AGGRESSIVE;
				GCC_WARN_UNUSED_FUNCTION = YES;
				GCC_WARN_UNUSED_VARIABLE = YES;
				IPHONEOS_DEPLOYMENT_TARGET = 13.0;
				MTL_ENABLE_DEBUG_INFO = INCLUDE_SOURCE;
				MTL_FAST_MATH = YES;
				ONLY_ACTIVE_ARCH = YES;
				SDKROOT = iphoneos;
				SWIFT_ACTIVE_COMPILATION_CONDITIONS = DEBUG;
				SWIFT_OPTIMIZATION_LEVEL = "-Onone";
			};
			name = Debug;
		};
		4C03201A245972950009FC50 /* Release */ = {
			isa = XCBuildConfiguration;
			buildSettings = {
				ALWAYS_SEARCH_USER_PATHS = NO;
				CLANG_ANALYZER_NONNULL = YES;
				CLANG_ANALYZER_NUMBER_OBJECT_CONVERSION = YES_AGGRESSIVE;
				CLANG_CXX_LANGUAGE_STANDARD = "gnu++14";
				CLANG_CXX_LIBRARY = "libc++";
				CLANG_ENABLE_MODULES = YES;
				CLANG_ENABLE_OBJC_ARC = YES;
				CLANG_ENABLE_OBJC_WEAK = YES;
				CLANG_WARN_BLOCK_CAPTURE_AUTORELEASING = YES;
				CLANG_WARN_BOOL_CONVERSION = YES;
				CLANG_WARN_COMMA = YES;
				CLANG_WARN_CONSTANT_CONVERSION = YES;
				CLANG_WARN_DEPRECATED_OBJC_IMPLEMENTATIONS = YES;
				CLANG_WARN_DIRECT_OBJC_ISA_USAGE = YES_ERROR;
				CLANG_WARN_DOCUMENTATION_COMMENTS = YES;
				CLANG_WARN_EMPTY_BODY = YES;
				CLANG_WARN_ENUM_CONVERSION = YES;
				CLANG_WARN_INFINITE_RECURSION = YES;
				CLANG_WARN_INT_CONVERSION = YES;
				CLANG_WARN_NON_LITERAL_NULL_CONVERSION = YES;
				CLANG_WARN_OBJC_IMPLICIT_RETAIN_SELF = YES;
				CLANG_WARN_OBJC_LITERAL_CONVERSION = YES;
				CLANG_WARN_OBJC_ROOT_CLASS = YES_ERROR;
				CLANG_WARN_RANGE_LOOP_ANALYSIS = YES;
				CLANG_WARN_STRICT_PROTOTYPES = YES;
				CLANG_WARN_SUSPICIOUS_MOVE = YES;
				CLANG_WARN_UNGUARDED_AVAILABILITY = YES_AGGRESSIVE;
				CLANG_WARN_UNREACHABLE_CODE = YES;
				CLANG_WARN__DUPLICATE_METHOD_MATCH = YES;
				COPY_PHASE_STRIP = NO;
				DEBUG_INFORMATION_FORMAT = "dwarf-with-dsym";
				ENABLE_NS_ASSERTIONS = NO;
				ENABLE_STRICT_OBJC_MSGSEND = YES;
				GCC_C_LANGUAGE_STANDARD = gnu11;
				GCC_NO_COMMON_BLOCKS = YES;
				GCC_WARN_64_TO_32_BIT_CONVERSION = YES;
				GCC_WARN_ABOUT_RETURN_TYPE = YES_ERROR;
				GCC_WARN_UNDECLARED_SELECTOR = YES;
				GCC_WARN_UNINITIALIZED_AUTOS = YES_AGGRESSIVE;
				GCC_WARN_UNUSED_FUNCTION = YES;
				GCC_WARN_UNUSED_VARIABLE = YES;
				IPHONEOS_DEPLOYMENT_TARGET = 13.0;
				MTL_ENABLE_DEBUG_INFO = NO;
				MTL_FAST_MATH = YES;
				SDKROOT = iphoneos;
				SWIFT_COMPILATION_MODE = wholemodule;
				SWIFT_OPTIMIZATION_LEVEL = "-O";
				VALIDATE_PRODUCT = YES;
			};
			name = Release;
		};
		4C03201C245972950009FC50 /* Debug */ = {
			isa = XCBuildConfiguration;
			buildSettings = {
				ASSETCATALOG_COMPILER_APPICON_NAME = AppIcon;
				CODE_SIGN_STYLE = Automatic;
				DEVELOPMENT_TEAM = 8674268245;
				INFOPLIST_FILE = "Mind Sets/Info.plist";
				LD_RUNPATH_SEARCH_PATHS = (
					"$(inherited)",
					"@executable_path/Frameworks",
				);
				PRODUCT_BUNDLE_IDENTIFIER = "MariaYelfimova.Mind-Sets";
				PRODUCT_NAME = "$(TARGET_NAME)";
				SWIFT_VERSION = 5.0;
				TARGETED_DEVICE_FAMILY = "1,2";
			};
			name = Debug;
		};
		4C03201D245972950009FC50 /* Release */ = {
			isa = XCBuildConfiguration;
			buildSettings = {
				ASSETCATALOG_COMPILER_APPICON_NAME = AppIcon;
				CODE_SIGN_STYLE = Automatic;
				DEVELOPMENT_TEAM = 8674268245;
				INFOPLIST_FILE = "Mind Sets/Info.plist";
				LD_RUNPATH_SEARCH_PATHS = (
					"$(inherited)",
					"@executable_path/Frameworks",
				);
				PRODUCT_BUNDLE_IDENTIFIER = "MariaYelfimova.Mind-Sets";
				PRODUCT_NAME = "$(TARGET_NAME)";
				SWIFT_VERSION = 5.0;
				TARGETED_DEVICE_FAMILY = "1,2";
			};
			name = Release;
		};
/* End XCBuildConfiguration section */

/* Begin XCConfigurationList section */
		4C0320022459728C0009FC50 /* Build configuration list for PBXProject "Mind Sets" */ = {
			isa = XCConfigurationList;
			buildConfigurations = (
				4C032019245972950009FC50 /* Debug */,
				4C03201A245972950009FC50 /* Release */,
			);
			defaultConfigurationIsVisible = 0;
			defaultConfigurationName = Release;
		};
		4C03201B245972950009FC50 /* Build configuration list for PBXNativeTarget "Mind Sets" */ = {
			isa = XCConfigurationList;
			buildConfigurations = (
				4C03201C245972950009FC50 /* Debug */,
				4C03201D245972950009FC50 /* Release */,
			);
			defaultConfigurationIsVisible = 0;
			defaultConfigurationName = Release;
		};
/* End XCConfigurationList section */
	};
	rootObject = 4C031FFF2459728C0009FC50 /* Project object */;
}
